# This file was autogenerated by Stack.
# You should not edit this file by hand.
# For more information, please see the documentation at:
#   https://docs.haskellstack.org/en/stable/lock_files

snapshots:
- original:
    url: https://raw.githubusercontent.com/commercialhaskell/stackage-snapshots/master/lts/18/12.yaml
  completed:
    sha256: 80fc6391195ff00c36f2a605ecbb07de909bfaa2eaa9722a27e486a6ecf8ecb0
    url: https://raw.githubusercontent.com/commercialhaskell/stackage-snapshots/master/lts/18/12.yaml
    size: 586041
packages:
- original:
    hackage: strict-io-0.2.2
  completed:
    pantry-tree:
      sha256: 2fd47d6f9374805075d176012d95d8ea28e643639b8d028f35f732618b5d1683
      size: 345
    hackage: strict-io-0.2.2@sha256:1cc96f9a123a919ff9ee479f740cbc9fa9edf7c8ac65334de3fdce07638949ed,1012
